// !$*UTF8*$!
{
	archiveVersion = 1;
	classes = {
	};
	objectVersion = 46;
	objects = {

/* Begin PBXBuildFile section */
		57F231521E354F70002E603A /* main.m in Sources */ = {isa = PBXBuildFile; fileRef = 57F231511E354F70002E603A /* main.m */; };
		57F231551E354F70002E603A /* AppDelegate.m in Sources */ = {isa = PBXBuildFile; fileRef = 57F231541E354F70002E603A /* AppDelegate.m */; };
		57F231581E354F70002E603A /* ViewController.m in Sources */ = {isa = PBXBuildFile; fileRef = 57F231571E354F70002E603A /* ViewController.m */; };
		57F2315B1E354F70002E603A /* Main.storyboard in Resources */ = {isa = PBXBuildFile; fileRef = 57F231591E354F70002E603A /* Main.storyboard */; };
		57F2315D1E354F70002E603A /* Assets.xcassets in Resources */ = {isa = PBXBuildFile; fileRef = 57F2315C1E354F70002E603A /* Assets.xcassets */; };
		57F231601E354F70002E603A /* LaunchScreen.storyboard in Resources */ = {isa = PBXBuildFile; fileRef = 57F2315E1E354F70002E603A /* LaunchScreen.storyboard */; };
		57F2316B1E354F70002E603A /* AlertViewAccionesTests.m in Sources */ = {isa = PBXBuildFile; fileRef = 57F2316A1E354F70002E603A /* AlertViewAccionesTests.m */; };
		57F231761E354F70002E603A /* AlertViewAccionesUITests.m in Sources */ = {isa = PBXBuildFile; fileRef = 57F231751E354F70002E603A /* AlertViewAccionesUITests.m */; };
/* End PBXBuildFile section */

/* Begin PBXContainerItemProxy section */
		57F231671E354F70002E603A /* PBXContainerItemProxy */ = {
			isa = PBXContainerItemProxy;
			containerPortal = 57F231451E354F70002E603A /* Project object */;
			proxyType = 1;
			remoteGlobalIDString = 57F2314C1E354F70002E603A;
			remoteInfo = AlertViewAcciones;
		};
		57F231721E354F70002E603A /* PBXContainerItemProxy */ = {
			isa = PBXContainerItemProxy;
			containerPortal = 57F231451E354F70002E603A /* Project object */;
			proxyType = 1;
			remoteGlobalIDString = 57F2314C1E354F70002E603A;
			remoteInfo = AlertViewAcciones;
		};
/* End PBXContainerItemProxy section */

/* Begin PBXFileReference section */
		57F2314D1E354F70002E603A /* AlertViewAcciones.app */ = {isa = PBXFileReference; explicitFileType = wrapper.application; includeInIndex = 0; path = AlertViewAcciones.app; sourceTree = BUILT_PRODUCTS_DIR; };
		57F231511E354F70002E603A /* main.m */ = {isa = PBXFileReference; lastKnownFileType = sourcecode.c.objc; path = main.m; sourceTree = "<group>"; };
		57F231531E354F70002E603A /* AppDelegate.h */ = {isa = PBXFileReference; lastKnownFileType = sourcecode.c.h; path = AppDelegate.h; sourceTree = "<group>"; };
		57F231541E354F70002E603A /* AppDelegate.m */ = {isa = PBXFileReference; lastKnownFileType = sourcecode.c.objc; path = AppDelegate.m; sourceTree = "<group>"; };
		57F231561E354F70002E603A /* ViewController.h */ = {isa = PBXFileReference; lastKnownFileType = sourcecode.c.h; path = ViewController.h; sourceTree = "<group>"; };
		57F231571E354F70002E603A /* ViewController.m */ = {isa = PBXFileReference; lastKnownFileType = sourcecode.c.objc; path = ViewController.m; sourceTree = "<group>"; };
		57F2315A1E354F70002E603A /* Base */ = {isa = PBXFileReference; lastKnownFileType = file.storyboard; name = Base; path = Base.lproj/Main.storyboard; sourceTree = "<group>"; };
		57F2315C1E354F70002E603A /* Assets.xcassets */ = {isa = PBXFileReference; lastKnownFileType = folder.assetcatalog; path = Assets.xcassets; sourceTree = "<group>"; };
		57F2315F1E354F70002E603A /* Base */ = {isa = PBXFileReference; lastKnownFileType = file.storyboard; name = Base; path = Base.lproj/LaunchScreen.storyboard; sourceTree = "<group>"; };
		57F231611E354F70002E603A /* Info.plist */ = {isa = PBXFileReference; lastKnownFileType = text.plist.xml; path = Info.plist; sourceTree = "<group>"; };
		57F231661E354F70002E603A /* AlertViewAccionesTests.xctest */ = {isa = PBXFileReference; explicitFileType = wrapper.cfbundle; includeInIndex = 0; path = AlertViewAccionesTests.xctest; sourceTree = BUILT_PRODUCTS_DIR; };
		57F2316A1E354F70002E603A /* AlertViewAccionesTests.m */ = {isa = PBXFileReference; lastKnownFileType = sourcecode.c.objc; path = AlertViewAccionesTests.m; sourceTree = "<group>"; };
		57F2316C1E354F70002E603A /* Info.plist */ = {isa = PBXFileReference; lastKnownFileType = text.plist.xml; path = Info.plist; sourceTree = "<group>"; };
		57F231711E354F70002E603A /* AlertViewAccionesUITests.xctest */ = {isa = PBXFileReference; explicitFileType = wrapper.cfbundle; includeInIndex = 0; path = AlertViewAccionesUITests.xctest; sourceTree = BUILT_PRODUCTS_DIR; };
		57F231751E354F70002E603A /* AlertViewAccionesUITests.m */ = {isa = PBXFileReference; lastKnownFileType = sourcecode.c.objc; path = AlertViewAccionesUITests.m; sourceTree = "<group>"; };
		57F231771E354F70002E603A /* Info.plist */ = {isa = PBXFileReference; lastKnownFileType = text.plist.xml; path = Info.plist; sourceTree = "<group>"; };
/* End PBXFileReference section */

/* Begin PBXFrameworksBuildPhase section */
		57F2314A1E354F70002E603A /* Frameworks */ = {
			isa = PBXFrameworksBuildPhase;
			buildActionMask = 2147483647;
			files = (
			);
			runOnlyForDeploymentPostprocessing = 0;
		};
		57F231631E354F70002E603A /* Frameworks */ = {
			isa = PBXFrameworksBuildPhase;
			buildActionMask = 2147483647;
			files = (
			);
			runOnlyForDeploymentPostprocessing = 0;
		};
		57F2316E1E354F70002E603A /* Frameworks */ = {
			isa = PBXFrameworksBuildPhase;
			buildActionMask = 2147483647;
			files = (
			);
			runOnlyForDeploymentPostprocessing = 0;
		};
/* End PBXFrameworksBuildPhase section */

/* Begin PBXGroup section */
		57F231441E354F70002E603A = {
			isa = PBXGroup;
			children = (
				57F2314F1E354F70002E603A /* AlertViewAcciones */,
				57F231691E354F70002E603A /* AlertViewAccionesTests */,
				57F231741E354F70002E603A /* AlertViewAccionesUITests */,
				57F2314E1E354F70002E603A /* Products */,
			);
			sourceTree = "<group>";
		};
		57F2314E1E354F70002E603A /* Products */ = {
			isa = PBXGroup;
			children = (
				57F2314D1E354F70002E603A /* AlertViewAcciones.app */,
				57F231661E354F70002E603A /* AlertViewAccionesTests.xctest */,
				57F231711E354F70002E603A /* AlertViewAccionesUITests.xctest */,
			);
			name = Products;
			sourceTree = "<group>";
		};
		57F2314F1E354F70002E603A /* AlertViewAcciones */ = {
			isa = PBXGroup;
			children = (
				57F231531E354F70002E603A /* AppDelegate.h */,
				57F231541E354F70002E603A /* AppDelegate.m */,
				57F231561E354F70002E603A /* ViewController.h */,
				57F231571E354F70002E603A /* ViewController.m */,
				57F231591E354F70002E603A /* Main.storyboard */,
				57F2315C1E354F70002E603A /* Assets.xcassets */,
				57F2315E1E354F70002E603A /* LaunchScreen.storyboard */,
				57F231611E354F70002E603A /* Info.plist */,
				57F231501E354F70002E603A /* Supporting Files */,
			);
			path = AlertViewAcciones;
			sourceTree = "<group>";
		};
		57F231501E354F70002E603A /* Supporting Files */ = {
			isa = PBXGroup;
			children = (
				57F231511E354F70002E603A /* main.m */,
			);
			name = "Supporting Files";
			sourceTree = "<group>";
		};
		57F231691E354F70002E603A /* AlertViewAccionesTests */ = {
			isa = PBXGroup;
			children = (
				57F2316A1E354F70002E603A /* AlertViewAccionesTests.m */,
				57F2316C1E354F70002E603A /* Info.plist */,
			);
			path = AlertViewAccionesTests;
			sourceTree = "<group>";
		};
		57F231741E354F70002E603A /* AlertViewAccionesUITests */ = {
			isa = PBXGroup;
			children = (
				57F231751E354F70002E603A /* AlertViewAccionesUITests.m */,
				57F231771E354F70002E603A /* Info.plist */,
			);
			path = AlertViewAccionesUITests;
			sourceTree = "<group>";
		};
/* End PBXGroup section */

/* Begin PBXNativeTarget section */
		57F2314C1E354F70002E603A /* AlertViewAcciones */ = {
			isa = PBXNativeTarget;
			buildConfigurationList = 57F2317A1E354F70002E603A /* Build configuration list for PBXNativeTarget "AlertViewAcciones" */;
			buildPhases = (
				57F231491E354F70002E603A /* Sources */,
				57F2314A1E354F70002E603A /* Frameworks */,
				57F2314B1E354F70002E603A /* Resources */,
			);
			buildRules = (
			);
			dependencies = (
			);
			name = AlertViewAcciones;
			productName = AlertViewAcciones;
			productReference = 57F2314D1E354F70002E603A /* AlertViewAcciones.app */;
			productType = "com.apple.product-type.application";
		};
		57F231651E354F70002E603A /* AlertViewAccionesTests */ = {
			isa = PBXNativeTarget;
			buildConfigurationList = 57F2317D1E354F70002E603A /* Build configuration list for PBXNativeTarget "AlertViewAccionesTests" */;
			buildPhases = (
				57F231621E354F70002E603A /* Sources */,
				57F231631E354F70002E603A /* Frameworks */,
				57F231641E354F70002E603A /* Resources */,
			);
			buildRules = (
			);
			dependencies = (
				57F231681E354F70002E603A /* PBXTargetDependency */,
			);
			name = AlertViewAccionesTests;
			productName = AlertViewAccionesTests;
			productReference = 57F231661E354F70002E603A /* AlertViewAccionesTests.xctest */;
			productType = "com.apple.product-type.bundle.unit-test";
		};
		57F231701E354F70002E603A /* AlertViewAccionesUITests */ = {
			isa = PBXNativeTarget;
			buildConfigurationList = 57F231801E354F70002E603A /* Build configuration list for PBXNativeTarget "AlertViewAccionesUITests" */;
			buildPhases = (
				57F2316D1E354F70002E603A /* Sources */,
				57F2316E1E354F70002E603A /* Frameworks */,
				57F2316F1E354F70002E603A /* Resources */,
			);
			buildRules = (
			);
			dependencies = (
				57F231731E354F70002E603A /* PBXTargetDependency */,
			);
			name = AlertViewAccionesUITests;
			productName = AlertViewAccionesUITests;
			productReference = 57F231711E354F70002E603A /* AlertViewAccionesUITests.xctest */;
			productType = "com.apple.product-type.bundle.ui-testing";
		};
/* End PBXNativeTarget section */

/* Begin PBXProject section */
		57F231451E354F70002E603A /* Project object */ = {
			isa = PBXProject;
			attributes = {
				LastUpgradeCheck = 0700;
				ORGANIZATIONNAME = "Jose David Bustos H";
				TargetAttributes = {
					57F2314C1E354F70002E603A = {
						CreatedOnToolsVersion = 7.0.1;
					};
					57F231651E354F70002E603A = {
						CreatedOnToolsVersion = 7.0.1;
						TestTargetID = 57F2314C1E354F70002E603A;
					};
					57F231701E354F70002E603A = {
						CreatedOnToolsVersion = 7.0.1;
						TestTargetID = 57F2314C1E354F70002E603A;
					};
				};
			};
			buildConfigurationList = 57F231481E354F70002E603A /* Build configuration list for PBXProject "AlertViewAcciones" */;
			compatibilityVersion = "Xcode 3.2";
			developmentRegion = English;
			hasScannedForEncodings = 0;
			knownRegions = (
				en,
				Base,
			);
			mainGroup = 57F231441E354F70002E603A;
			productRefGroup = 57F2314E1E354F70002E603A /* Products */;
			projectDirPath = "";
			projectRoot = "";
			targets = (
				57F2314C1E354F70002E603A /* AlertViewAcciones */,
				57F231651E354F70002E603A /* AlertViewAccionesTests */,
				57F231701E354F70002E603A /* AlertViewAccionesUITests */,
			);
		};
/* End PBXProject section */

/* Begin PBXResourcesBuildPhase section */
		57F2314B1E354F70002E603A /* Resources */ = {
			isa = PBXResourcesBuildPhase;
			buildActionMask = 2147483647;
			files = (
				57F231601E354F70002E603A /* LaunchScreen.storyboard in Resources */,
				57F2315D1E354F70002E603A /* Assets.xcassets in Resources */,
				57F2315B1E354F70002E603A /* Main.storyboard in Resources */,
			);
			runOnlyForDeploymentPostprocessing = 0;
		};
		57F231641E354F70002E603A /* Resources */ = {
			isa = PBXResourcesBuildPhase;
			buildActionMask = 2147483647;
			files = (
			);
			runOnlyForDeploymentPostprocessing = 0;
		};
		57F2316F1E354F70002E603A /* Resources */ = {
			isa = PBXResourcesBuildPhase;
			buildActionMask = 2147483647;
			files = (
			);
			runOnlyForDeploymentPostprocessing = 0;
		};
/* End PBXResourcesBuildPhase section */

/* Begin PBXSourcesBuildPhase section */
		57F231491E354F70002E603A /* Sources */ = {
			isa = PBXSourcesBuildPhase;
			buildActionMask = 2147483647;
			files = (
				57F231581E354F70002E603A /* ViewController.m in Sources */,
				57F231551E354F70002E603A /* AppDelegate.m in Sources */,
				57F231521E354F70002E603A /* main.m in Sources */,
			);
			runOnlyForDeploymentPostprocessing = 0;
		};
		57F231621E354F70002E603A /* Sources */ = {
			isa = PBXSourcesBuildPhase;
			buildActionMask = 2147483647;
			files = (
				57F2316B1E354F70002E603A /* AlertViewAccionesTests.m in Sources */,
			);
			runOnlyForDeploymentPostprocessing = 0;
		};
		57F2316D1E354F70002E603A /* Sources */ = {
			isa = PBXSourcesBuildPhase;
			buildActionMask = 2147483647;
			files = (
				57F231761E354F70002E603A /* AlertViewAccionesUITests.m in Sources */,
			);
			runOnlyForDeploymentPostprocessing = 0;
		};
/* End PBXSourcesBuildPhase section */

/* Begin PBXTargetDependency section */
		57F231681E354F70002E603A /* PBXTargetDependency */ = {
			isa = PBXTargetDependency;
			target = 57F2314C1E354F70002E603A /* AlertViewAcciones */;
			targetProxy = 57F231671E354F70002E603A /* PBXContainerItemProxy */;
		};
		57F231731E354F70002E603A /* PBXTargetDependency */ = {
			isa = PBXTargetDependency;
			target = 57F2314C1E354F70002E603A /* AlertViewAcciones */;
			targetProxy = 57F231721E354F70002E603A /* PBXContainerItemProxy */;
		};
/* End PBXTargetDependency section */

/* Begin PBXVariantGroup section */
		57F231591E354F70002E603A /* Main.storyboard */ = {
			isa = PBXVariantGroup;
			children = (
				57F2315A1E354F70002E603A /* Base */,
			);
			name = Main.storyboard;
			sourceTree = "<group>";
		};
		57F2315E1E354F70002E603A /* LaunchScreen.storyboard */ = {
			isa = PBXVariantGroup;
			children = (
				57F2315F1E354F70002E603A /* Base */,
			);
			name = LaunchScreen.storyboard;
			sourceTree = "<group>";
		};
/* End PBXVariantGroup section */

/* Begin XCBuildConfiguration section */
		57F231781E354F70002E603A /* Debug */ = {
			isa = XCBuildConfiguration;
			buildSettings = {
				ALWAYS_SEARCH_USER_PATHS = NO;
				CLANG_CXX_LANGUAGE_STANDARD = "gnu++0x";
				CLANG_CXX_LIBRARY = "libc++";
				CLANG_ENABLE_MODULES = YES;
				CLANG_ENABLE_OBJC_ARC = YES;
				CLANG_WARN_BOOL_CONVERSION = YES;
				CLANG_WARN_CONSTANT_CONVERSION = YES;
				CLANG_WARN_DIRECT_OBJC_ISA_USAGE = YES_ERROR;
				CLANG_WARN_EMPTY_BODY = YES;
				CLANG_WARN_ENUM_CONVERSION = YES;
				CLANG_WARN_INT_CONVERSION = YES;
				CLANG_WARN_OBJC_ROOT_CLASS = YES_ERROR;
				CLANG_WARN_UNREACHABLE_CODE = YES;
				CLANG_WARN__DUPLICATE_METHOD_MATCH = YES;
				"CODE_SIGN_IDENTITY[sdk=iphoneos*]" = "iPhone Developer";
				COPY_PHASE_STRIP = NO;
				DEBUG_INFORMATION_FORMAT = dwarf;
				ENABLE_STRICT_OBJC_MSGSEND = YES;
				ENABLE_TESTABILITY = YES;
				GCC_C_LANGUAGE_STANDARD = gnu99;
				GCC_DYNAMIC_NO_PIC = NO;
				GCC_NO_COMMON_BLOCKS = YES;
				GCC_OPTIMIZATION_LEVEL = 0;
				GCC_PREPROCESSOR_DEFINITIONS = (
					"DEBUG=1",
					"$(inherited)",
				);
				GCC_WARN_64_TO_32_BIT_CONVERSION = YES;
				GCC_WARN_ABOUT_RETURN_TYPE = YES_ERROR;
				GCC_WARN_UNDECLARED_SELECTOR = YES;
				GCC_WARN_UNINITIALIZED_AUTOS = YES_AGGRESSIVE;
				GCC_WARN_UNUSED_FUNCTION = YES;
				GCC_WARN_UNUSED_VARIABLE = YES;
				IPHONEOS_DEPLOYMENT_TARGET = 9.0;
				MTL_ENABLE_DEBUG_INFO = YES;
				ONLY_ACTIVE_ARCH = YES;
				SDKROOT = iphoneos;
				TARGETED_DEVICE_FAMILY = "1,2";
			};
			name = Debug;
		};
		57F231791E354F70002E603A /* Release */ = {
			isa = XCBuildConfiguration;
			buildSettings = {
				ALWAYS_SEARCH_USER_PATHS = NO;
				CLANG_CXX_LANGUAGE_STANDARD = "gnu++0x";
				CLANG_CXX_LIBRARY = "libc++";
				CLANG_ENABLE_MODULES = YES;
				CLANG_ENABLE_OBJC_ARC = YES;
				CLANG_WARN_BOOL_CONVERSION = YES;
				CLANG_WARN_CONSTANT_CONVERSION = YES;
				CLANG_WARN_DIRECT_OBJC_ISA_USAGE = YES_ERROR;
				CLANG_WARN_EMPTY_BODY = YES;
				CLANG_WARN_ENUM_CONVERSION = YES;
				CLANG_WARN_INT_CONVERSION = YES;
				CLANG_WARN_OBJC_ROOT_CLASS = YES_ERROR;
				CLANG_WARN_UNREACHABLE_CODE = YES;
				CLANG_WARN__DUPLICATE_METHOD_MATCH = YES;
				"CODE_SIGN_IDENTITY[sdk=iphoneos*]" = "iPhone Developer";
				COPY_PHASE_STRIP = NO;
				DEBUG_INFORMATION_FORMAT = "dwarf-with-dsym";
				ENABLE_NS_ASSERTIONS = NO;
				ENABLE_STRICT_OBJC_MSGSEND = YES;
				GCC_C_LANGUAGE_STANDARD = gnu99;
				GCC_NO_COMMON_BLOCKS = YES;
				GCC_WARN_64_TO_32_BIT_CONVERSION = YES;
				GCC_WARN_ABOUT_RETURN_TYPE = YES_ERROR;
				GCC_WARN_UNDECLARED_SELECTOR = YES;
				GCC_WARN_UNINITIALIZED_AUTOS = YES_AGGRESSIVE;
				GCC_WARN_UNUSED_FUNCTION = YES;
				GCC_WARN_UNUSED_VARIABLE = YES;
				IPHONEOS_DEPLOYMENT_TARGET = 9.0;
				MTL_ENABLE_DEBUG_INFO = NO;
				SDKROOT = iphoneos;
				TARGETED_DEVICE_FAMILY = "1,2";
				VALIDATE_PRODUCT = YES;
			};
			name = Release;
		};
		57F2317B1E354F70002E603A /* Debug */ = {
			isa = XCBuildConfiguration;
			buildSettings = {
				ASSETCATALOG_COMPILER_APPICON_NAME = AppIcon;
				INFOPLIST_FILE = AlertViewAcciones/Info.plist;
				LD_RUNPATH_SEARCH_PATHS = "$(inherited) @executable_path/Frameworks";
				PRODUCT_BUNDLE_IDENTIFIER = KorbekSA.AlertViewAcciones;
				PRODUCT_NAME = "$(TARGET_NAME)";
			};
			name = Debug;
		};
		57F2317C1E354F70002E603A /* Release */ = {
			isa = XCBuildConfiguration;
			buildSettings = {
				ASSETCATALOG_COMPILER_APPICON_NAME = AppIcon;
				INFOPLIST_FILE = AlertViewAcciones/Info.plist;
				LD_RUNPATH_SEARCH_PATHS = "$(inherited) @executable_path/Frameworks";
				PRODUCT_BUNDLE_IDENTIFIER = KorbekSA.AlertViewAcciones;
				PRODUCT_NAME = "$(TARGET_NAME)";
			};
			name = Release;
		};
		57F2317E1E354F70002E603A /* Debug */ = {
			isa = XCBuildConfiguration;
			buildSettings = {
				BUNDLE_LOADER = "$(TEST_HOST)";
				INFOPLIST_FILE = AlertViewAccionesTests/Info.plist;
				LD_RUNPATH_SEARCH_PATHS = "$(inherited) @executable_path/Frameworks @loader_path/Frameworks";
				PRODUCT_BUNDLE_IDENTIFIER = KorbekSA.AlertViewAccionesTests;
				PRODUCT_NAME = "$(TARGET_NAME)";
				TEST_HOST = "$(BUILT_PRODUCTS_DIR)/AlertViewAcciones.app/AlertViewAcciones";
			};
			name = Debug;
		};
		57F2317F1E354F70002E603A /* Release */ = {
			isa = XCBuildConfiguration;
			buildSettings = {
				BUNDLE_LOADER = "$(TEST_HOST)";
				INFOPLIST_FILE = AlertViewAccionesTests/Info.plist;
				LD_RUNPATH_SEARCH_PATHS = "$(inherited) @executable_path/Frameworks @loader_path/Frameworks";
				PRODUCT_BUNDLE_IDENTIFIER = KorbekSA.AlertViewAccionesTests;
				PRODUCT_NAME = "$(TARGET_NAME)";
				TEST_HOST = "$(BUILT_PRODUCTS_DIR)/AlertViewAcciones.app/AlertViewAcciones";
			};
			name = Release;
		};
		57F231811E354F70002E603A /* Debug */ = {
			isa = XCBuildConfiguration;
			buildSettings = {
				INFOPLIST_FILE = AlertViewAccionesUITests/Info.plist;
				LD_RUNPATH_SEARCH_PATHS = "$(inherited) @executable_path/Frameworks @loader_path/Frameworks";
				PRODUCT_BUNDLE_IDENTIFIER = KorbekSA.AlertViewAccionesUITests;
				PRODUCT_NAME = "$(TARGET_NAME)";
				TEST_TARGET_NAME = AlertViewAcciones;
				USES_XCTRUNNER = YES;
			};
			name = Debug;
		};
		57F231821E354F70002E603A /* Release */ = {
			isa = XCBuildConfiguration;
			buildSettings = {
				INFOPLIST_FILE = AlertViewAccionesUITests/Info.plist;
				LD_RUNPATH_SEARCH_PATHS = "$(inherited) @executable_path/Frameworks @loader_path/Frameworks";
				PRODUCT_BUNDLE_IDENTIFIER = KorbekSA.AlertViewAccionesUITests;
				PRODUCT_NAME = "$(TARGET_NAME)";
				TEST_TARGET_NAME = AlertViewAcciones;
				USES_XCTRUNNER = YES;
			};
			name = Release;
		};
/* End XCBuildConfiguration section */

/* Begin XCConfigurationList section */
		57F231481E354F70002E603A /* Build configuration list for PBXProject "AlertViewAcciones" */ = {
			isa = XCConfigurationList;
			buildConfigurations = (
				57F231781E354F70002E603A /* Debug */,
				57F231791E354F70002E603A /* Release */,
			);
			defaultConfigurationIsVisible = 0;
			defaultConfigurationName = Release;
		};
		57F2317A1E354F70002E603A /* Build configuration list for PBXNativeTarget "AlertViewAcciones" */ = {
			isa = XCConfigurationList;
			buildConfigurations = (
				57F2317B1E354F70002E603A /* Debug */,
				57F2317C1E354F70002E603A /* Release */,
			);
			defaultConfigurationIsVisible = 0;
		};
		57F2317D1E354F70002E603A /* Build configuration list for PBXNativeTarget "AlertViewAccionesTests" */ = {
			isa = XCConfigurationList;
			buildConfigurations = (
				57F2317E1E354F70002E603A /* Debug */,
				57F2317F1E354F70002E603A /* Release */,
			);
			defaultConfigurationIsVisible = 0;
		};
		57F231801E354F70002E603A /* Build configuration list for PBXNativeTarget "AlertViewAccionesUITests" */ = {
			isa = XCConfigurationList;
			buildConfigurations = (
				57F231811E354F70002E603A /* Debug */,
				57F231821E354F70002E603A /* Release */,
			);
			defaultConfigurationIsVisible = 0;
		};
/* End XCConfigurationList section */
	};
	rootObject = 57F231451E354F70002E603A /* Project object */;
}
